
Microsoft Visual Studio Solution File, Format Version 12.00
# Visual Studio 2012
Project("{FAE04EC0-301F-11D3-BF4B-00C04F79EFBC}") = "EnginePlugins", "EnginePlugins\EnginePlugins.csproj", "{487FAF22-947D-4DEB-9BAF-BFB914F6E2EE}"
EndProject
Project("{FAE04EC0-301F-11D3-BF4B-00C04F79EFBC}") = "ApplicationPlugins", "ApplicationPlugins\ApplicationPlugins.csproj", "{6F4000F8-79E2-4F5B-BE9B-3DB7522751BC}"
	ProjectSection(ProjectDependencies) = postProject
		{4136F60A-2099-446C-906D-E0820ADA9043} = {4136F60A-2099-446C-906D-E0820ADA9043}
		{5CB0664A-150B-4990-AE9A-E204E807BC51} = {5CB0664A-150B-4990-AE9A-E204E807BC51}
		{B298B552-BFAD-4BC9-A043-5A2A27E279D8} = {B298B552-BFAD-4BC9-A043-5A2A27E279D8}
	EndProjectSection
EndProject
Project("{FAE04EC0-301F-11D3-BF4B-00C04F79EFBC}") = "MyPlugin", "MyPlugin\MyPlugin.csproj", "{4136F60A-2099-446C-906D-E0820ADA9043}"
EndProject
Project("{FAE04EC0-301F-11D3-BF4B-00C04F79EFBC}") = "nextPlugin", "nextPlugin\nextPlugin.csproj", "{B298B552-BFAD-4BC9-A043-5A2A27E279D8}"
EndProject
Project("{FAE04EC0-301F-11D3-BF4B-00C04F79EFBC}") = "PluginsInfo", "PluginsInfo\PluginsInfo.csproj", "{5CB0664A-150B-4990-AE9A-E204E807BC51}"
EndProject
Global
	GlobalSection(SolutionConfigurationPlatforms) = preSolution
		Debug|Any CPU = Debug|Any CPU
		Release|Any CPU = Release|Any CPU
	EndGlobalSection
	GlobalSection(ProjectConfigurationPlatforms) = postSolution
		{487FAF22-947D-4DEB-9BAF-BFB914F6E2EE}.Debug|Any CPU.ActiveCfg = Debug|Any CPU
		{487FAF22-947D-4DEB-9BAF-BFB914F6E2EE}.Debug|Any CPU.Build.0 = Debug|Any CPU
		{487FAF22-947D-4DEB-9BAF-BFB914F6E2EE}.Release|Any CPU.ActiveCfg = Release|Any CPU
		{487FAF22-947D-4DEB-9BAF-BFB914F6E2EE}.Release|Any CPU.Build.0 = Release|Any CPU
		{6F4000F8-79E2-4F5B-BE9B-3DB7522751BC}.Debug|Any CPU.ActiveCfg = Debug|Any CPU
		{6F4000F8-79E2-4F5B-BE9B-3DB7522751BC}.Debug|Any CPU.Build.0 = Debug|Any CPU
		{6F4000F8-79E2-4F5B-BE9B-3DB7522751BC}.Release|Any CPU.ActiveCfg = Release|Any CPU
		{6F4000F8-79E2-4F5B-BE9B-3DB7522751BC}.Release|Any CPU.Build.0 = Release|Any CPU
		{4136F60A-2099-446C-906D-E0820ADA9043}.Debug|Any CPU.ActiveCfg = Debug|Any CPU
		{4136F60A-2099-446C-906D-E0820ADA9043}.Debug|Any CPU.Build.0 = Debug|Any CPU
		{4136F60A-2099-446C-906D-E0820ADA9043}.Release|Any CPU.ActiveCfg = Release|Any CPU
		{4136F60A-2099-446C-906D-E0820ADA9043}.Release|Any CPU.Build.0 = Release|Any CPU
		{B298B552-BFAD-4BC9-A043-5A2A27E279D8}.Debug|Any CPU.ActiveCfg = Debug|Any CPU
		{B298B552-BFAD-4BC9-A043-5A2A27E279D8}.Debug|Any CPU.Build.0 = Debug|Any CPU
		{B298B552-BFAD-4BC9-A043-5A2A27E279D8}.Release|Any CPU.ActiveCfg = Release|Any CPU
		{B298B552-BFAD-4BC9-A043-5A2A27E279D8}.Release|Any CPU.Build.0 = Release|Any CPU
		{5CB0664A-150B-4990-AE9A-E204E807BC51}.Debug|Any CPU.ActiveCfg = Debug|Any CPU
		{5CB0664A-150B-4990-AE9A-E204E807BC51}.Debug|Any CPU.Build.0 = Debug|Any CPU
		{5CB0664A-150B-4990-AE9A-E204E807BC51}.Release|Any CPU.ActiveCfg = Release|Any CPU
		{5CB0664A-150B-4990-AE9A-E204E807BC51}.Release|Any CPU.Build.0 = Release|Any CPU
	EndGlobalSection
	GlobalSection(SolutionProperties) = preSolution
		HideSolutionNode = FALSE
	EndGlobalSection
EndGlobal
